// !$*UTF8*$!
{
	archiveVersion = 1;
	classes = {
	};
	objectVersion = 50;
	objects = {

/* Begin PBXBuildFile section */
		60BFBFF32328F09B0093D98B /* AppDelegate.swift in Sources */ = {isa = PBXBuildFile; fileRef = 60BFBFF22328F09B0093D98B /* AppDelegate.swift */; };
		60BFBFF52328F09B0093D98B /* ViewController.swift in Sources */ = {isa = PBXBuildFile; fileRef = 60BFBFF42328F09B0093D98B /* ViewController.swift */; };
		60BFBFF82328F09B0093D98B /* Main.storyboard in Resources */ = {isa = PBXBuildFile; fileRef = 60BFBFF62328F09B0093D98B /* Main.storyboard */; };
		60BFBFFA2328F09C0093D98B /* Assets.xcassets in Resources */ = {isa = PBXBuildFile; fileRef = 60BFBFF92328F09C0093D98B /* Assets.xcassets */; };
		60BFBFFD2328F09C0093D98B /* LaunchScreen.storyboard in Resources */ = {isa = PBXBuildFile; fileRef = 60BFBFFB2328F09C0093D98B /* LaunchScreen.storyboard */; };
		60BFC0052328F3F00093D98B /* GaugeView.swift in Sources */ = {isa = PBXBuildFile; fileRef = 60BFC0042328F3F00093D98B /* GaugeView.swift */; };
/* End PBXBuildFile section */

/* Begin PBXFileReference section */
		60BFBFEF2328F09B0093D98B /* GaugeExample.app */ = {isa = PBXFileReference; explicitFileType = wrapper.application; includeInIndex = 0; path = GaugeExample.app; sourceTree = BUILT_PRODUCTS_DIR; };
		60BFBFF22328F09B0093D98B /* AppDelegate.swift */ = {isa = PBXFileReference; lastKnownFileType = sourcecode.swift; path = AppDelegate.swift; sourceTree = "<group>"; };
		60BFBFF42328F09B0093D98B /* ViewController.swift */ = {isa = PBXFileReference; lastKnownFileType = sourcecode.swift; path = ViewController.swift; sourceTree = "<group>"; };
		60BFBFF72328F09B0093D98B /* Base */ = {isa = PBXFileReference; lastKnownFileType = file.storyboard; name = Base; path = Base.lproj/Main.storyboard; sourceTree = "<group>"; };
		60BFBFF92328F09C0093D98B /* Assets.xcassets */ = {isa = PBXFileReference; lastKnownFileType = folder.assetcatalog; path = Assets.xcassets; sourceTree = "<group>"; };
		60BFBFFC2328F09C0093D98B /* Base */ = {isa = PBXFileReference; lastKnownFileType = file.storyboard; name = Base; path = Base.lproj/LaunchScreen.storyboard; sourceTree = "<group>"; };
		60BFBFFE2328F09C0093D98B /* Info.plist */ = {isa = PBXFileReference; lastKnownFileType = text.plist.xml; path = Info.plist; sourceTree = "<group>"; };
		60BFC0042328F3F00093D98B /* GaugeView.swift */ = {isa = PBXFileReference; lastKnownFileType = sourcecode.swift; path = GaugeView.swift; sourceTree = "<group>"; };
/* End PBXFileReference section */

/* Begin PBXFrameworksBuildPhase section */
		60BFBFEC2328F09B0093D98B /* Frameworks */ = {
			isa = PBXFrameworksBuildPhase;
			buildActionMask = 2147483647;
			files = (
			);
			runOnlyForDeploymentPostprocessing = 0;
		};
/* End PBXFrameworksBuildPhase section */

/* Begin PBXGroup section */
		60BFBFE62328F09B0093D98B = {
			isa = PBXGroup;
			children = (
				60BFBFF12328F09B0093D98B /* GaugeExample */,
				60BFBFF02328F09B0093D98B /* Products */,
			);
			sourceTree = "<group>";
		};
		60BFBFF02328F09B0093D98B /* Products */ = {
			isa = PBXGroup;
			children = (
				60BFBFEF2328F09B0093D98B /* GaugeExample.app */,
			);
			name = Products;
			sourceTree = "<group>";
		};
		60BFBFF12328F09B0093D98B /* GaugeExample */ = {
			isa = PBXGroup;
			children = (
				60BFBFF22328F09B0093D98B /* AppDelegate.swift */,
				60BFBFF42328F09B0093D98B /* ViewController.swift */,
				60BFBFF62328F09B0093D98B /* Main.storyboard */,
				60BFBFF92328F09C0093D98B /* Assets.xcassets */,
				60BFBFFB2328F09C0093D98B /* LaunchScreen.storyboard */,
				60BFBFFE2328F09C0093D98B /* Info.plist */,
				60BFC0042328F3F00093D98B /* GaugeView.swift */,
			);
			path = GaugeExample;
			sourceTree = "<group>";
		};
/* End PBXGroup section */

/* Begin PBXNativeTarget section */
		60BFBFEE2328F09B0093D98B /* GaugeExample */ = {
			isa = PBXNativeTarget;
			buildConfigurationList = 60BFC0012328F09C0093D98B /* Build configuration list for PBXNativeTarget "GaugeExample" */;
			buildPhases = (
				60BFBFEB2328F09B0093D98B /* Sources */,
				60BFBFEC2328F09B0093D98B /* Frameworks */,
				60BFBFED2328F09B0093D98B /* Resources */,
			);
			buildRules = (
			);
			dependencies = (
			);
			name = GaugeExample;
			productName = GaugeExample;
			productReference = 60BFBFEF2328F09B0093D98B /* GaugeExample.app */;
			productType = "com.apple.product-type.application";
		};
/* End PBXNativeTarget section */

/* Begin PBXProject section */
		60BFBFE72328F09B0093D98B /* Project object */ = {
			isa = PBXProject;
			attributes = {
				LastSwiftUpdateCheck = 1030;
				LastUpgradeCheck = 1030;
				ORGANIZATIONNAME = youjin;
				TargetAttributes = {
					60BFBFEE2328F09B0093D98B = {
						CreatedOnToolsVersion = 10.3;
					};
				};
			};
			buildConfigurationList = 60BFBFEA2328F09B0093D98B /* Build configuration list for PBXProject "GaugeExample" */;
			compatibilityVersion = "Xcode 9.3";
			developmentRegion = en;
			hasScannedForEncodings = 0;
			knownRegions = (
				en,
				Base,
			);
			mainGroup = 60BFBFE62328F09B0093D98B;
			productRefGroup = 60BFBFF02328F09B0093D98B /* Products */;
			projectDirPath = "";
			projectRoot = "";
			targets = (
				60BFBFEE2328F09B0093D98B /* GaugeExample */,
			);
		};
/* End PBXProject section */

/* Begin PBXResourcesBuildPhase section */
		60BFBFED2328F09B0093D98B /* Resources */ = {
			isa = PBXResourcesBuildPhase;
			buildActionMask = 2147483647;
			files = (
				60BFBFFD2328F09C0093D98B /* LaunchScreen.storyboard in Resources */,
				60BFBFFA2328F09C0093D98B /* Assets.xcassets in Resources */,
				60BFBFF82328F09B0093D98B /* Main.storyboard in Resources */,
			);
			runOnlyForDeploymentPostprocessing = 0;
		};
/* End PBXResourcesBuildPhase section */

/* Begin PBXSourcesBuildPhase section */
		60BFBFEB2328F09B0093D98B /* Sources */ = {
			isa = PBXSourcesBuildPhase;
			buildActionMask = 2147483647;
			files = (
				60BFBFF52328F09B0093D98B /* ViewController.swift in Sources */,
				60BFC0052328F3F00093D98B /* GaugeView.swift in Sources */,
				60BFBFF32328F09B0093D98B /* AppDelegate.swift in Sources */,
			);
			runOnlyForDeploymentPostprocessing = 0;
		};
/* End PBXSourcesBuildPhase section */

/* Begin PBXVariantGroup section */
		60BFBFF62328F09B0093D98B /* Main.storyboard */ = {
			isa = PBXVariantGroup;
			children = (
				60BFBFF72328F09B0093D98B /* Base */,
			);
			name = Main.storyboard;
			sourceTree = "<group>";
		};
		60BFBFFB2328F09C0093D98B /* LaunchScreen.storyboard */ = {
			isa = PBXVariantGroup;
			children = (
				60BFBFFC2328F09C0093D98B /* Base */,
			);
			name = LaunchScreen.storyboard;
			sourceTree = "<group>";
		};
/* End PBXVariantGroup section */

/* Begin XCBuildConfiguration section */
		60BFBFFF2328F09C0093D98B /* Debug */ = {
			isa = XCBuildConfiguration;
			buildSettings = {
				ALWAYS_SEARCH_USER_PATHS = NO;
				CLANG_ANALYZER_NONNULL = YES;
				CLANG_ANALYZER_NUMBER_OBJECT_CONVERSION = YES_AGGRESSIVE;
				CLANG_CXX_LANGUAGE_STANDARD = "gnu++14";
				CLANG_CXX_LIBRARY = "libc++";
				CLANG_ENABLE_MODULES = YES;
				CLANG_ENABLE_OBJC_ARC = YES;
				CLANG_ENABLE_OBJC_WEAK = YES;
				CLANG_WARN_BLOCK_CAPTURE_AUTORELEASING = YES;
				CLANG_WARN_BOOL_CONVERSION = YES;
				CLANG_WARN_COMMA = YES;
				CLANG_WARN_CONSTANT_CONVERSION = YES;
				CLANG_WARN_DEPRECATED_OBJC_IMPLEMENTATIONS = YES;
				CLANG_WARN_DIRECT_OBJC_ISA_USAGE = YES_ERROR;
				CLANG_WARN_DOCUMENTATION_COMMENTS = YES;
				CLANG_WARN_EMPTY_BODY = YES;
				CLANG_WARN_ENUM_CONVERSION = YES;
				CLANG_WARN_INFINITE_RECURSION = YES;
				CLANG_WARN_INT_CONVERSION = YES;
				CLANG_WARN_NON_LITERAL_NULL_CONVERSION = YES;
				CLANG_WARN_OBJC_IMPLICIT_RETAIN_SELF = YES;
				CLANG_WARN_OBJC_LITERAL_CONVERSION = YES;
				CLANG_WARN_OBJC_ROOT_CLASS = YES_ERROR;
				CLANG_WARN_RANGE_LOOP_ANALYSIS = YES;
				CLANG_WARN_STRICT_PROTOTYPES = YES;
				CLANG_WARN_SUSPICIOUS_MOVE = YES;
				CLANG_WARN_UNGUARDED_AVAILABILITY = YES_AGGRESSIVE;
				CLANG_WARN_UNREACHABLE_CODE = YES;
				CLANG_WARN__DUPLICATE_METHOD_MATCH = YES;
				CODE_SIGN_IDENTITY = "iPhone Developer";
				COPY_PHASE_STRIP = NO;
				DEBUG_INFORMATION_FORMAT = dwarf;
				ENABLE_STRICT_OBJC_MSGSEND = YES;
				ENABLE_TESTABILITY = YES;
				GCC_C_LANGUAGE_STANDARD = gnu11;
				GCC_DYNAMIC_NO_PIC = NO;
				GCC_NO_COMMON_BLOCKS = YES;
				GCC_OPTIMIZATION_LEVEL = 0;
				GCC_PREPROCESSOR_DEFINITIONS = (
					"DEBUG=1",
					"$(inherited)",
				);
				GCC_WARN_64_TO_32_BIT_CONVERSION = YES;
				GCC_WARN_ABOUT_RETURN_TYPE = YES_ERROR;
				GCC_WARN_UNDECLARED_SELECTOR = YES;
				GCC_WARN_UNINITIALIZED_AUTOS = YES_AGGRESSIVE;
				GCC_WARN_UNUSED_FUNCTION = YES;
				GCC_WARN_UNUSED_VARIABLE = YES;
				IPHONEOS_DEPLOYMENT_TARGET = 12.4;
				MTL_ENABLE_DEBUG_INFO = INCLUDE_SOURCE;
				MTL_FAST_MATH = YES;
				ONLY_ACTIVE_ARCH = YES;
				SDKROOT = iphoneos;
				SWIFT_ACTIVE_COMPILATION_CONDITIONS = DEBUG;
				SWIFT_OPTIMIZATION_LEVEL = "-Onone";
			};
			name = Debug;
		};
		60BFC0002328F09C0093D98B /* Release */ = {
			isa = XCBuildConfiguration;
			buildSettings = {
				ALWAYS_SEARCH_USER_PATHS = NO;
				CLANG_ANALYZER_NONNULL = YES;
				CLANG_ANALYZER_NUMBER_OBJECT_CONVERSION = YES_AGGRESSIVE;
				CLANG_CXX_LANGUAGE_STANDARD = "gnu++14";
				CLANG_CXX_LIBRARY = "libc++";
				CLANG_ENABLE_MODULES = YES;
				CLANG_ENABLE_OBJC_ARC = YES;
				CLANG_ENABLE_OBJC_WEAK = YES;
				CLANG_WARN_BLOCK_CAPTURE_AUTORELEASING = YES;
				CLANG_WARN_BOOL_CONVERSION = YES;
				CLANG_WARN_COMMA = YES;
				CLANG_WARN_CONSTANT_CONVERSION = YES;
				CLANG_WARN_DEPRECATED_OBJC_IMPLEMENTATIONS = YES;
				CLANG_WARN_DIRECT_OBJC_ISA_USAGE = YES_ERROR;
				CLANG_WARN_DOCUMENTATION_COMMENTS = YES;
				CLANG_WARN_EMPTY_BODY = YES;
				CLANG_WARN_ENUM_CONVERSION = YES;
				CLANG_WARN_INFINITE_RECURSION = YES;
				CLANG_WARN_INT_CONVERSION = YES;
				CLANG_WARN_NON_LITERAL_NULL_CONVERSION = YES;
				CLANG_WARN_OBJC_IMPLICIT_RETAIN_SELF = YES;
				CLANG_WARN_OBJC_LITERAL_CONVERSION = YES;
				CLANG_WARN_OBJC_ROOT_CLASS = YES_ERROR;
				CLANG_WARN_RANGE_LOOP_ANALYSIS = YES;
				CLANG_WARN_STRICT_PROTOTYPES = YES;
				CLANG_WARN_SUSPICIOUS_MOVE = YES;
				CLANG_WARN_UNGUARDED_AVAILABILITY = YES_AGGRESSIVE;
				CLANG_WARN_UNREACHABLE_CODE = YES;
				CLANG_WARN__DUPLICATE_METHOD_MATCH = YES;
				CODE_SIGN_IDENTITY = "iPhone Developer";
				COPY_PHASE_STRIP = NO;
				DEBUG_INFORMATION_FORMAT = "dwarf-with-dsym";
				ENABLE_NS_ASSERTIONS = NO;
				ENABLE_STRICT_OBJC_MSGSEND = YES;
				GCC_C_LANGUAGE_STANDARD = gnu11;
				GCC_NO_COMMON_BLOCKS = YES;
				GCC_WARN_64_TO_32_BIT_CONVERSION = YES;
				GCC_WARN_ABOUT_RETURN_TYPE = YES_ERROR;
				GCC_WARN_UNDECLARED_SELECTOR = YES;
				GCC_WARN_UNINITIALIZED_AUTOS = YES_AGGRESSIVE;
				GCC_WARN_UNUSED_FUNCTION = YES;
				GCC_WARN_UNUSED_VARIABLE = YES;
				IPHONEOS_DEPLOYMENT_TARGET = 12.4;
				MTL_ENABLE_DEBUG_INFO = NO;
				MTL_FAST_MATH = YES;
				SDKROOT = iphoneos;
				SWIFT_COMPILATION_MODE = wholemodule;
				SWIFT_OPTIMIZATION_LEVEL = "-O";
				VALIDATE_PRODUCT = YES;
			};
			name = Release;
		};
		60BFC0022328F09C0093D98B /* Debug */ = {
			isa = XCBuildConfiguration;
			buildSettings = {
				ASSETCATALOG_COMPILER_APPICON_NAME = AppIcon;
				CODE_SIGN_STYLE = Automatic;
				DEVELOPMENT_TEAM = R2G88ZV3F5;
				INFOPLIST_FILE = GaugeExample/Info.plist;
				IPHONEOS_DEPLOYMENT_TARGET = 11.0;
				LD_RUNPATH_SEARCH_PATHS = (
					"$(inherited)",
					"@executable_path/Frameworks",
				);
				PRODUCT_BUNDLE_IDENTIFIER = youjin.GaugeExample;
				PRODUCT_NAME = "$(TARGET_NAME)";
				SWIFT_VERSION = 5.0;
				TARGETED_DEVICE_FAMILY = "1,2";
			};
			name = Debug;
		};
		60BFC0032328F09C0093D98B /* Release */ = {
			isa = XCBuildConfiguration;
			buildSettings = {
				ASSETCATALOG_COMPILER_APPICON_NAME = AppIcon;
				CODE_SIGN_STYLE = Automatic;
				DEVELOPMENT_TEAM = R2G88ZV3F5;
				INFOPLIST_FILE = GaugeExample/Info.plist;
				IPHONEOS_DEPLOYMENT_TARGET = 11.0;
				LD_RUNPATH_SEARCH_PATHS = (
					"$(inherited)",
					"@executable_path/Frameworks",
				);
				PRODUCT_BUNDLE_IDENTIFIER = youjin.GaugeExample;
				PRODUCT_NAME = "$(TARGET_NAME)";
				SWIFT_VERSION = 5.0;
				TARGETED_DEVICE_FAMILY = "1,2";
			};
			name = Release;
		};
/* End XCBuildConfiguration section */

/* Begin XCConfigurationList section */
		60BFBFEA2328F09B0093D98B /* Build configuration list for PBXProject "GaugeExample" */ = {
			isa = XCConfigurationList;
			buildConfigurations = (
				60BFBFFF2328F09C0093D98B /* Debug */,
				60BFC0002328F09C0093D98B /* Release */,
			);
			defaultConfigurationIsVisible = 0;
			defaultConfigurationName = Release;
		};
		60BFC0012328F09C0093D98B /* Build configuration list for PBXNativeTarget "GaugeExample" */ = {
			isa = XCConfigurationList;
			buildConfigurations = (
				60BFC0022328F09C0093D98B /* Debug */,
				60BFC0032328F09C0093D98B /* Release */,
			);
			defaultConfigurationIsVisible = 0;
			defaultConfigurationName = Release;
		};
/* End XCConfigurationList section */
	};
	rootObject = 60BFBFE72328F09B0093D98B /* Project object */;
}
